
Microsoft Visual Studio Solution File, Format Version 12.00
# Visual Studio Version 16
VisualStudioVersion = 16.0.29521.150
MinimumVisualStudioVersion = 10.0.40219.1
Project("{9A19103F-16F7-4668-BE54-9A1E7A4F7556}") = "RasBlazor", "RasBlazor\RasBlazor.csproj", "{151C2A3D-B8BE-43BF-A2F4-26445C4A8BD3}"
EndProject
Project("{FAE04EC0-301F-11D3-BF4B-00C04F79EFBC}") = "RasBlazor.Core", "RasBlazor.Core\RasBlazor.Core.csproj", "{56F59DE9-236C-4583-93C6-ED9A9BCEDD67}"
EndProject
Global
	GlobalSection(SolutionConfigurationPlatforms) = preSolution
		Debug|Any CPU = Debug|Any CPU
		Release|Any CPU = Release|Any CPU
	EndGlobalSection
	GlobalSection(ProjectConfigurationPlatforms) = postSolution
		{151C2A3D-B8BE-43BF-A2F4-26445C4A8BD3}.Debug|Any CPU.ActiveCfg = Debug|Any CPU
		{151C2A3D-B8BE-43BF-A2F4-26445C4A8BD3}.Debug|Any CPU.Build.0 = Debug|Any CPU
		{151C2A3D-B8BE-43BF-A2F4-26445C4A8BD3}.Release|Any CPU.ActiveCfg = Release|Any CPU
		{151C2A3D-B8BE-43BF-A2F4-26445C4A8BD3}.Release|Any CPU.Build.0 = Release|Any CPU
		{56F59DE9-236C-4583-93C6-ED9A9BCEDD67}.Debug|Any CPU.ActiveCfg = Debug|Any CPU
		{56F59DE9-236C-4583-93C6-ED9A9BCEDD67}.Debug|Any CPU.Build.0 = Debug|Any CPU
		{56F59DE9-236C-4583-93C6-ED9A9BCEDD67}.Release|Any CPU.ActiveCfg = Release|Any CPU
		{56F59DE9-236C-4583-93C6-ED9A9BCEDD67}.Release|Any CPU.Build.0 = Release|Any CPU
	EndGlobalSection
	GlobalSection(SolutionProperties) = preSolution
		HideSolutionNode = FALSE
	EndGlobalSection
	GlobalSection(ExtensibilityGlobals) = postSolution
		SolutionGuid = {47E93E23-798A-4CE8-9B13-16A6A8AA8533}
	EndGlobalSection
EndGlobal
